{
  "requires": true,
  "lockfileVersion": 1,
  "dependencies": {
    "oauth-signin": {
      "version": "0.0.1",
      "resolved": "https://registry.npmjs.org/oauth-signin/-/oauth-signin-0.0.1.tgz",
      "integrity": "sha512-wKLSN+A3iL4/ZuYcvtKtbNGOlbAUh2HHJrTzazLyB4EgNsbQ5QIw/1/RmHRf76gX7OVSwhNMZEeeT2mR7F7kpA=="
    }
  }
}
